// !$*UTF8*$!
{
	archiveVersion = 1;
	classes = {
	};
	objectVersion = 50;
	objects = {

/* Begin PBXBuildFile section */
		D090B99F26A6AA18001CEFBE /* AppDelegate.swift in Sources */ = {isa = PBXBuildFile; fileRef = D090B99E26A6AA18001CEFBE /* AppDelegate.swift */; };
		D090B9A126A6AA18001CEFBE /* SceneDelegate.swift in Sources */ = {isa = PBXBuildFile; fileRef = D090B9A026A6AA18001CEFBE /* SceneDelegate.swift */; };
		D090B9A326A6AA18001CEFBE /* ViewController.swift in Sources */ = {isa = PBXBuildFile; fileRef = D090B9A226A6AA18001CEFBE /* ViewController.swift */; };
		D090B9A626A6AA18001CEFBE /* Main.storyboard in Resources */ = {isa = PBXBuildFile; fileRef = D090B9A426A6AA18001CEFBE /* Main.storyboard */; };
		D090B9A826A6AA1A001CEFBE /* Assets.xcassets in Resources */ = {isa = PBXBuildFile; fileRef = D090B9A726A6AA1A001CEFBE /* Assets.xcassets */; };
		D090B9AB26A6AA1A001CEFBE /* LaunchScreen.storyboard in Resources */ = {isa = PBXBuildFile; fileRef = D090B9A926A6AA1A001CEFBE /* LaunchScreen.storyboard */; };
		D090B9B426A6BB6A001CEFBE /* TUTK P2P.pdf in Resources */ = {isa = PBXBuildFile; fileRef = D090B9B326A6BB6A001CEFBE /* TUTK P2P.pdf */; };
/* End PBXBuildFile section */

/* Begin PBXFileReference section */
		D090B99B26A6AA18001CEFBE /* PDFViewDemo.app */ = {isa = PBXFileReference; explicitFileType = wrapper.application; includeInIndex = 0; path = PDFViewDemo.app; sourceTree = BUILT_PRODUCTS_DIR; };
		D090B99E26A6AA18001CEFBE /* AppDelegate.swift */ = {isa = PBXFileReference; lastKnownFileType = sourcecode.swift; path = AppDelegate.swift; sourceTree = "<group>"; };
		D090B9A026A6AA18001CEFBE /* SceneDelegate.swift */ = {isa = PBXFileReference; lastKnownFileType = sourcecode.swift; path = SceneDelegate.swift; sourceTree = "<group>"; };
		D090B9A226A6AA18001CEFBE /* ViewController.swift */ = {isa = PBXFileReference; lastKnownFileType = sourcecode.swift; path = ViewController.swift; sourceTree = "<group>"; };
		D090B9A526A6AA18001CEFBE /* Base */ = {isa = PBXFileReference; lastKnownFileType = file.storyboard; name = Base; path = Base.lproj/Main.storyboard; sourceTree = "<group>"; };
		D090B9A726A6AA1A001CEFBE /* Assets.xcassets */ = {isa = PBXFileReference; lastKnownFileType = folder.assetcatalog; path = Assets.xcassets; sourceTree = "<group>"; };
		D090B9AA26A6AA1A001CEFBE /* Base */ = {isa = PBXFileReference; lastKnownFileType = file.storyboard; name = Base; path = Base.lproj/LaunchScreen.storyboard; sourceTree = "<group>"; };
		D090B9AC26A6AA1A001CEFBE /* Info.plist */ = {isa = PBXFileReference; lastKnownFileType = text.plist.xml; path = Info.plist; sourceTree = "<group>"; };
		D090B9B326A6BB6A001CEFBE /* TUTK P2P.pdf */ = {isa = PBXFileReference; lastKnownFileType = image.pdf; path = "TUTK P2P.pdf"; sourceTree = "<group>"; };
/* End PBXFileReference section */

/* Begin PBXFrameworksBuildPhase section */
		D090B99826A6AA18001CEFBE /* Frameworks */ = {
			isa = PBXFrameworksBuildPhase;
			buildActionMask = 2147483647;
			files = (
			);
			runOnlyForDeploymentPostprocessing = 0;
		};
/* End PBXFrameworksBuildPhase section */

/* Begin PBXGroup section */
		D090B99226A6AA18001CEFBE = {
			isa = PBXGroup;
			children = (
				D090B99D26A6AA18001CEFBE /* PDFViewDemo */,
				D090B99C26A6AA18001CEFBE /* Products */,
			);
			sourceTree = "<group>";
		};
		D090B99C26A6AA18001CEFBE /* Products */ = {
			isa = PBXGroup;
			children = (
				D090B99B26A6AA18001CEFBE /* PDFViewDemo.app */,
			);
			name = Products;
			sourceTree = "<group>";
		};
		D090B99D26A6AA18001CEFBE /* PDFViewDemo */ = {
			isa = PBXGroup;
			children = (
				D090B9B226A6B52F001CEFBE /* PDF File */,
				D090B99E26A6AA18001CEFBE /* AppDelegate.swift */,
				D090B9A026A6AA18001CEFBE /* SceneDelegate.swift */,
				D090B9A226A6AA18001CEFBE /* ViewController.swift */,
				D090B9A426A6AA18001CEFBE /* Main.storyboard */,
				D090B9A726A6AA1A001CEFBE /* Assets.xcassets */,
				D090B9A926A6AA1A001CEFBE /* LaunchScreen.storyboard */,
				D090B9AC26A6AA1A001CEFBE /* Info.plist */,
			);
			path = PDFViewDemo;
			sourceTree = "<group>";
		};
		D090B9B226A6B52F001CEFBE /* PDF File */ = {
			isa = PBXGroup;
			children = (
				D090B9B326A6BB6A001CEFBE /* TUTK P2P.pdf */,
			);
			path = "PDF File";
			sourceTree = "<group>";
		};
/* End PBXGroup section */

/* Begin PBXNativeTarget section */
		D090B99A26A6AA18001CEFBE /* PDFViewDemo */ = {
			isa = PBXNativeTarget;
			buildConfigurationList = D090B9AF26A6AA1A001CEFBE /* Build configuration list for PBXNativeTarget "PDFViewDemo" */;
			buildPhases = (
				D090B99726A6AA18001CEFBE /* Sources */,
				D090B99826A6AA18001CEFBE /* Frameworks */,
				D090B99926A6AA18001CEFBE /* Resources */,
			);
			buildRules = (
			);
			dependencies = (
			);
			name = PDFViewDemo;
			productName = PDFViewDemo;
			productReference = D090B99B26A6AA18001CEFBE /* PDFViewDemo.app */;
			productType = "com.apple.product-type.application";
		};
/* End PBXNativeTarget section */

/* Begin PBXProject section */
		D090B99326A6AA18001CEFBE /* Project object */ = {
			isa = PBXProject;
			attributes = {
				LastSwiftUpdateCheck = 1250;
				LastUpgradeCheck = 1250;
				TargetAttributes = {
					D090B99A26A6AA18001CEFBE = {
						CreatedOnToolsVersion = 12.5.1;
					};
				};
			};
			buildConfigurationList = D090B99626A6AA18001CEFBE /* Build configuration list for PBXProject "PDFViewDemo" */;
			compatibilityVersion = "Xcode 9.3";
			developmentRegion = en;
			hasScannedForEncodings = 0;
			knownRegions = (
				en,
				Base,
			);
			mainGroup = D090B99226A6AA18001CEFBE;
			productRefGroup = D090B99C26A6AA18001CEFBE /* Products */;
			projectDirPath = "";
			projectRoot = "";
			targets = (
				D090B99A26A6AA18001CEFBE /* PDFViewDemo */,
			);
		};
/* End PBXProject section */

/* Begin PBXResourcesBuildPhase section */
		D090B99926A6AA18001CEFBE /* Resources */ = {
			isa = PBXResourcesBuildPhase;
			buildActionMask = 2147483647;
			files = (
				D090B9AB26A6AA1A001CEFBE /* LaunchScreen.storyboard in Resources */,
				D090B9A826A6AA1A001CEFBE /* Assets.xcassets in Resources */,
				D090B9B426A6BB6A001CEFBE /* TUTK P2P.pdf in Resources */,
				D090B9A626A6AA18001CEFBE /* Main.storyboard in Resources */,
			);
			runOnlyForDeploymentPostprocessing = 0;
		};
/* End PBXResourcesBuildPhase section */

/* Begin PBXSourcesBuildPhase section */
		D090B99726A6AA18001CEFBE /* Sources */ = {
			isa = PBXSourcesBuildPhase;
			buildActionMask = 2147483647;
			files = (
				D090B9A326A6AA18001CEFBE /* ViewController.swift in Sources */,
				D090B99F26A6AA18001CEFBE /* AppDelegate.swift in Sources */,
				D090B9A126A6AA18001CEFBE /* SceneDelegate.swift in Sources */,
			);
			runOnlyForDeploymentPostprocessing = 0;
		};
/* End PBXSourcesBuildPhase section */

/* Begin PBXVariantGroup section */
		D090B9A426A6AA18001CEFBE /* Main.storyboard */ = {
			isa = PBXVariantGroup;
			children = (
				D090B9A526A6AA18001CEFBE /* Base */,
			);
			name = Main.storyboard;
			sourceTree = "<group>";
		};
		D090B9A926A6AA1A001CEFBE /* LaunchScreen.storyboard */ = {
			isa = PBXVariantGroup;
			children = (
				D090B9AA26A6AA1A001CEFBE /* Base */,
			);
			name = LaunchScreen.storyboard;
			sourceTree = "<group>";
		};
/* End PBXVariantGroup section */

/* Begin XCBuildConfiguration section */
		D090B9AD26A6AA1A001CEFBE /* Debug */ = {
			isa = XCBuildConfiguration;
			buildSettings = {
				ALWAYS_SEARCH_USER_PATHS = NO;
				CLANG_ANALYZER_NONNULL = YES;
				CLANG_ANALYZER_NUMBER_OBJECT_CONVERSION = YES_AGGRESSIVE;
				CLANG_CXX_LANGUAGE_STANDARD = "gnu++14";
				CLANG_CXX_LIBRARY = "libc++";
				CLANG_ENABLE_MODULES = YES;
				CLANG_ENABLE_OBJC_ARC = YES;
				CLANG_ENABLE_OBJC_WEAK = YES;
				CLANG_WARN_BLOCK_CAPTURE_AUTORELEASING = YES;
				CLANG_WARN_BOOL_CONVERSION = YES;
				CLANG_WARN_COMMA = YES;
				CLANG_WARN_CONSTANT_CONVERSION = YES;
				CLANG_WARN_DEPRECATED_OBJC_IMPLEMENTATIONS = YES;
				CLANG_WARN_DIRECT_OBJC_ISA_USAGE = YES_ERROR;
				CLANG_WARN_DOCUMENTATION_COMMENTS = YES;
				CLANG_WARN_EMPTY_BODY = YES;
				CLANG_WARN_ENUM_CONVERSION = YES;
				CLANG_WARN_INFINITE_RECURSION = YES;
				CLANG_WARN_INT_CONVERSION = YES;
				CLANG_WARN_NON_LITERAL_NULL_CONVERSION = YES;
				CLANG_WARN_OBJC_IMPLICIT_RETAIN_SELF = YES;
				CLANG_WARN_OBJC_LITERAL_CONVERSION = YES;
				CLANG_WARN_OBJC_ROOT_CLASS = YES_ERROR;
				CLANG_WARN_QUOTED_INCLUDE_IN_FRAMEWORK_HEADER = YES;
				CLANG_WARN_RANGE_LOOP_ANALYSIS = YES;
				CLANG_WARN_STRICT_PROTOTYPES = YES;
				CLANG_WARN_SUSPICIOUS_MOVE = YES;
				CLANG_WARN_UNGUARDED_AVAILABILITY = YES_AGGRESSIVE;
				CLANG_WARN_UNREACHABLE_CODE = YES;
				CLANG_WARN__DUPLICATE_METHOD_MATCH = YES;
				COPY_PHASE_STRIP = NO;
				DEBUG_INFORMATION_FORMAT = dwarf;
				ENABLE_STRICT_OBJC_MSGSEND = YES;
				ENABLE_TESTABILITY = YES;
				GCC_C_LANGUAGE_STANDARD = gnu11;
				GCC_DYNAMIC_NO_PIC = NO;
				GCC_NO_COMMON_BLOCKS = YES;
				GCC_OPTIMIZATION_LEVEL = 0;
				GCC_PREPROCESSOR_DEFINITIONS = (
					"DEBUG=1",
					"$(inherited)",
				);
				GCC_WARN_64_TO_32_BIT_CONVERSION = YES;
				GCC_WARN_ABOUT_RETURN_TYPE = YES_ERROR;
				GCC_WARN_UNDECLARED_SELECTOR = YES;
				GCC_WARN_UNINITIALIZED_AUTOS = YES_AGGRESSIVE;
				GCC_WARN_UNUSED_FUNCTION = YES;
				GCC_WARN_UNUSED_VARIABLE = YES;
				IPHONEOS_DEPLOYMENT_TARGET = 14.5;
				MTL_ENABLE_DEBUG_INFO = INCLUDE_SOURCE;
				MTL_FAST_MATH = YES;
				ONLY_ACTIVE_ARCH = YES;
				SDKROOT = iphoneos;
				SWIFT_ACTIVE_COMPILATION_CONDITIONS = DEBUG;
				SWIFT_OPTIMIZATION_LEVEL = "-Onone";
			};
			name = Debug;
		};
		D090B9AE26A6AA1A001CEFBE /* Release */ = {
			isa = XCBuildConfiguration;
			buildSettings = {
				ALWAYS_SEARCH_USER_PATHS = NO;
				CLANG_ANALYZER_NONNULL = YES;
				CLANG_ANALYZER_NUMBER_OBJECT_CONVERSION = YES_AGGRESSIVE;
				CLANG_CXX_LANGUAGE_STANDARD = "gnu++14";
				CLANG_CXX_LIBRARY = "libc++";
				CLANG_ENABLE_MODULES = YES;
				CLANG_ENABLE_OBJC_ARC = YES;
				CLANG_ENABLE_OBJC_WEAK = YES;
				CLANG_WARN_BLOCK_CAPTURE_AUTORELEASING = YES;
				CLANG_WARN_BOOL_CONVERSION = YES;
				CLANG_WARN_COMMA = YES;
				CLANG_WARN_CONSTANT_CONVERSION = YES;
				CLANG_WARN_DEPRECATED_OBJC_IMPLEMENTATIONS = YES;
				CLANG_WARN_DIRECT_OBJC_ISA_USAGE = YES_ERROR;
				CLANG_WARN_DOCUMENTATION_COMMENTS = YES;
				CLANG_WARN_EMPTY_BODY = YES;
				CLANG_WARN_ENUM_CONVERSION = YES;
				CLANG_WARN_INFINITE_RECURSION = YES;
				CLANG_WARN_INT_CONVERSION = YES;
				CLANG_WARN_NON_LITERAL_NULL_CONVERSION = YES;
				CLANG_WARN_OBJC_IMPLICIT_RETAIN_SELF = YES;
				CLANG_WARN_OBJC_LITERAL_CONVERSION = YES;
				CLANG_WARN_OBJC_ROOT_CLASS = YES_ERROR;
				CLANG_WARN_QUOTED_INCLUDE_IN_FRAMEWORK_HEADER = YES;
				CLANG_WARN_RANGE_LOOP_ANALYSIS = YES;
				CLANG_WARN_STRICT_PROTOTYPES = YES;
				CLANG_WARN_SUSPICIOUS_MOVE = YES;
				CLANG_WARN_UNGUARDED_AVAILABILITY = YES_AGGRESSIVE;
				CLANG_WARN_UNREACHABLE_CODE = YES;
				CLANG_WARN__DUPLICATE_METHOD_MATCH = YES;
				COPY_PHASE_STRIP = NO;
				DEBUG_INFORMATION_FORMAT = "dwarf-with-dsym";
				ENABLE_NS_ASSERTIONS = NO;
				ENABLE_STRICT_OBJC_MSGSEND = YES;
				GCC_C_LANGUAGE_STANDARD = gnu11;
				GCC_NO_COMMON_BLOCKS = YES;
				GCC_WARN_64_TO_32_BIT_CONVERSION = YES;
				GCC_WARN_ABOUT_RETURN_TYPE = YES_ERROR;
				GCC_WARN_UNDECLARED_SELECTOR = YES;
				GCC_WARN_UNINITIALIZED_AUTOS = YES_AGGRESSIVE;
				GCC_WARN_UNUSED_FUNCTION = YES;
				GCC_WARN_UNUSED_VARIABLE = YES;
				IPHONEOS_DEPLOYMENT_TARGET = 14.5;
				MTL_ENABLE_DEBUG_INFO = NO;
				MTL_FAST_MATH = YES;
				SDKROOT = iphoneos;
				SWIFT_COMPILATION_MODE = wholemodule;
				SWIFT_OPTIMIZATION_LEVEL = "-O";
				VALIDATE_PRODUCT = YES;
			};
			name = Release;
		};
		D090B9B026A6AA1A001CEFBE /* Debug */ = {
			isa = XCBuildConfiguration;
			buildSettings = {
				ASSETCATALOG_COMPILER_APPICON_NAME = AppIcon;
				ASSETCATALOG_COMPILER_GLOBAL_ACCENT_COLOR_NAME = AccentColor;
				CODE_SIGN_STYLE = Automatic;
				INFOPLIST_FILE = PDFViewDemo/Info.plist;
				IPHONEOS_DEPLOYMENT_TARGET = 13.0;
				LD_RUNPATH_SEARCH_PATHS = (
					"$(inherited)",
					"@executable_path/Frameworks",
				);
				PRODUCT_BUNDLE_IDENTIFIER = com.leoho..PDFViewDemo;
				PRODUCT_NAME = "$(TARGET_NAME)";
				SWIFT_VERSION = 5.0;
				TARGETED_DEVICE_FAMILY = "1,2";
			};
			name = Debug;
		};
		D090B9B126A6AA1A001CEFBE /* Release */ = {
			isa = XCBuildConfiguration;
			buildSettings = {
				ASSETCATALOG_COMPILER_APPICON_NAME = AppIcon;
				ASSETCATALOG_COMPILER_GLOBAL_ACCENT_COLOR_NAME = AccentColor;
				CODE_SIGN_STYLE = Automatic;
				INFOPLIST_FILE = PDFViewDemo/Info.plist;
				IPHONEOS_DEPLOYMENT_TARGET = 13.0;
				LD_RUNPATH_SEARCH_PATHS = (
					"$(inherited)",
					"@executable_path/Frameworks",
				);
				PRODUCT_BUNDLE_IDENTIFIER = com.leoho..PDFViewDemo;
				PRODUCT_NAME = "$(TARGET_NAME)";
				SWIFT_VERSION = 5.0;
				TARGETED_DEVICE_FAMILY = "1,2";
			};
			name = Release;
		};
/* End XCBuildConfiguration section */

/* Begin XCConfigurationList section */
		D090B99626A6AA18001CEFBE /* Build configuration list for PBXProject "PDFViewDemo" */ = {
			isa = XCConfigurationList;
			buildConfigurations = (
				D090B9AD26A6AA1A001CEFBE /* Debug */,
				D090B9AE26A6AA1A001CEFBE /* Release */,
			);
			defaultConfigurationIsVisible = 0;
			defaultConfigurationName = Release;
		};
		D090B9AF26A6AA1A001CEFBE /* Build configuration list for PBXNativeTarget "PDFViewDemo" */ = {
			isa = XCConfigurationList;
			buildConfigurations = (
				D090B9B026A6AA1A001CEFBE /* Debug */,
				D090B9B126A6AA1A001CEFBE /* Release */,
			);
			defaultConfigurationIsVisible = 0;
			defaultConfigurationName = Release;
		};
/* End XCConfigurationList section */
	};
	rootObject = D090B99326A6AA18001CEFBE /* Project object */;
}
