// !$*UTF8*$!
{
	archiveVersion = 1;
	classes = {
	};
	objectVersion = 50;
	objects = {

/* Begin PBXBuildFile section */
		D0D3C55B26AE64E400234917 /* AppDelegate.swift in Sources */ = {isa = PBXBuildFile; fileRef = D0D3C55A26AE64E400234917 /* AppDelegate.swift */; };
		D0D3C55D26AE64E400234917 /* SceneDelegate.swift in Sources */ = {isa = PBXBuildFile; fileRef = D0D3C55C26AE64E400234917 /* SceneDelegate.swift */; };
		D0D3C55F26AE64E400234917 /* ViewController.swift in Sources */ = {isa = PBXBuildFile; fileRef = D0D3C55E26AE64E400234917 /* ViewController.swift */; };
		D0D3C56226AE64E400234917 /* Main.storyboard in Resources */ = {isa = PBXBuildFile; fileRef = D0D3C56026AE64E400234917 /* Main.storyboard */; };
		D0D3C56426AE64E600234917 /* Assets.xcassets in Resources */ = {isa = PBXBuildFile; fileRef = D0D3C56326AE64E600234917 /* Assets.xcassets */; };
		D0D3C56726AE64E600234917 /* LaunchScreen.storyboard in Resources */ = {isa = PBXBuildFile; fileRef = D0D3C56526AE64E600234917 /* LaunchScreen.storyboard */; };
		D0D3C57126AE673300234917 /* SecondVC.swift in Sources */ = {isa = PBXBuildFile; fileRef = D0D3C57026AE673300234917 /* SecondVC.swift */; };
/* End PBXBuildFile section */

/* Begin PBXFileReference section */
		D0D3C55726AE64E400234917 /* SegueSendValueDemo.app */ = {isa = PBXFileReference; explicitFileType = wrapper.application; includeInIndex = 0; path = SegueSendValueDemo.app; sourceTree = BUILT_PRODUCTS_DIR; };
		D0D3C55A26AE64E400234917 /* AppDelegate.swift */ = {isa = PBXFileReference; lastKnownFileType = sourcecode.swift; path = AppDelegate.swift; sourceTree = "<group>"; };
		D0D3C55C26AE64E400234917 /* SceneDelegate.swift */ = {isa = PBXFileReference; lastKnownFileType = sourcecode.swift; path = SceneDelegate.swift; sourceTree = "<group>"; };
		D0D3C55E26AE64E400234917 /* ViewController.swift */ = {isa = PBXFileReference; lastKnownFileType = sourcecode.swift; path = ViewController.swift; sourceTree = "<group>"; };
		D0D3C56126AE64E400234917 /* Base */ = {isa = PBXFileReference; lastKnownFileType = file.storyboard; name = Base; path = Base.lproj/Main.storyboard; sourceTree = "<group>"; };
		D0D3C56326AE64E600234917 /* Assets.xcassets */ = {isa = PBXFileReference; lastKnownFileType = folder.assetcatalog; path = Assets.xcassets; sourceTree = "<group>"; };
		D0D3C56626AE64E600234917 /* Base */ = {isa = PBXFileReference; lastKnownFileType = file.storyboard; name = Base; path = Base.lproj/LaunchScreen.storyboard; sourceTree = "<group>"; };
		D0D3C56826AE64E600234917 /* Info.plist */ = {isa = PBXFileReference; lastKnownFileType = text.plist.xml; path = Info.plist; sourceTree = "<group>"; };
		D0D3C57026AE673300234917 /* SecondVC.swift */ = {isa = PBXFileReference; lastKnownFileType = sourcecode.swift; path = SecondVC.swift; sourceTree = "<group>"; };
/* End PBXFileReference section */

/* Begin PBXFrameworksBuildPhase section */
		D0D3C55426AE64E400234917 /* Frameworks */ = {
			isa = PBXFrameworksBuildPhase;
			buildActionMask = 2147483647;
			files = (
			);
			runOnlyForDeploymentPostprocessing = 0;
		};
/* End PBXFrameworksBuildPhase section */

/* Begin PBXGroup section */
		D0D3C54E26AE64E400234917 = {
			isa = PBXGroup;
			children = (
				D0D3C55926AE64E400234917 /* SegueSendValueDemo */,
				D0D3C55826AE64E400234917 /* Products */,
			);
			sourceTree = "<group>";
		};
		D0D3C55826AE64E400234917 /* Products */ = {
			isa = PBXGroup;
			children = (
				D0D3C55726AE64E400234917 /* SegueSendValueDemo.app */,
			);
			name = Products;
			sourceTree = "<group>";
		};
		D0D3C55926AE64E400234917 /* SegueSendValueDemo */ = {
			isa = PBXGroup;
			children = (
				D0D3C56F26AE650600234917 /* View */,
				D0D3C56E26AE64FC00234917 /* Controller */,
				D0D3C55A26AE64E400234917 /* AppDelegate.swift */,
				D0D3C55C26AE64E400234917 /* SceneDelegate.swift */,
				D0D3C56326AE64E600234917 /* Assets.xcassets */,
				D0D3C56826AE64E600234917 /* Info.plist */,
			);
			path = SegueSendValueDemo;
			sourceTree = "<group>";
		};
		D0D3C56E26AE64FC00234917 /* Controller */ = {
			isa = PBXGroup;
			children = (
				D0D3C55E26AE64E400234917 /* ViewController.swift */,
				D0D3C57026AE673300234917 /* SecondVC.swift */,
			);
			path = Controller;
			sourceTree = "<group>";
		};
		D0D3C56F26AE650600234917 /* View */ = {
			isa = PBXGroup;
			children = (
				D0D3C56026AE64E400234917 /* Main.storyboard */,
				D0D3C56526AE64E600234917 /* LaunchScreen.storyboard */,
			);
			path = View;
			sourceTree = "<group>";
		};
/* End PBXGroup section */

/* Begin PBXNativeTarget section */
		D0D3C55626AE64E400234917 /* SegueSendValueDemo */ = {
			isa = PBXNativeTarget;
			buildConfigurationList = D0D3C56B26AE64E600234917 /* Build configuration list for PBXNativeTarget "SegueSendValueDemo" */;
			buildPhases = (
				D0D3C55326AE64E400234917 /* Sources */,
				D0D3C55426AE64E400234917 /* Frameworks */,
				D0D3C55526AE64E400234917 /* Resources */,
			);
			buildRules = (
			);
			dependencies = (
			);
			name = SegueSendValueDemo;
			productName = SegueSendValueDemo;
			productReference = D0D3C55726AE64E400234917 /* SegueSendValueDemo.app */;
			productType = "com.apple.product-type.application";
		};
/* End PBXNativeTarget section */

/* Begin PBXProject section */
		D0D3C54F26AE64E400234917 /* Project object */ = {
			isa = PBXProject;
			attributes = {
				LastSwiftUpdateCheck = 1250;
				LastUpgradeCheck = 1250;
				TargetAttributes = {
					D0D3C55626AE64E400234917 = {
						CreatedOnToolsVersion = 12.5.1;
					};
				};
			};
			buildConfigurationList = D0D3C55226AE64E400234917 /* Build configuration list for PBXProject "SegueSendValueDemo" */;
			compatibilityVersion = "Xcode 9.3";
			developmentRegion = en;
			hasScannedForEncodings = 0;
			knownRegions = (
				en,
				Base,
			);
			mainGroup = D0D3C54E26AE64E400234917;
			productRefGroup = D0D3C55826AE64E400234917 /* Products */;
			projectDirPath = "";
			projectRoot = "";
			targets = (
				D0D3C55626AE64E400234917 /* SegueSendValueDemo */,
			);
		};
/* End PBXProject section */

/* Begin PBXResourcesBuildPhase section */
		D0D3C55526AE64E400234917 /* Resources */ = {
			isa = PBXResourcesBuildPhase;
			buildActionMask = 2147483647;
			files = (
				D0D3C56726AE64E600234917 /* LaunchScreen.storyboard in Resources */,
				D0D3C56426AE64E600234917 /* Assets.xcassets in Resources */,
				D0D3C56226AE64E400234917 /* Main.storyboard in Resources */,
			);
			runOnlyForDeploymentPostprocessing = 0;
		};
/* End PBXResourcesBuildPhase section */

/* Begin PBXSourcesBuildPhase section */
		D0D3C55326AE64E400234917 /* Sources */ = {
			isa = PBXSourcesBuildPhase;
			buildActionMask = 2147483647;
			files = (
				D0D3C55F26AE64E400234917 /* ViewController.swift in Sources */,
				D0D3C55B26AE64E400234917 /* AppDelegate.swift in Sources */,
				D0D3C57126AE673300234917 /* SecondVC.swift in Sources */,
				D0D3C55D26AE64E400234917 /* SceneDelegate.swift in Sources */,
			);
			runOnlyForDeploymentPostprocessing = 0;
		};
/* End PBXSourcesBuildPhase section */

/* Begin PBXVariantGroup section */
		D0D3C56026AE64E400234917 /* Main.storyboard */ = {
			isa = PBXVariantGroup;
			children = (
				D0D3C56126AE64E400234917 /* Base */,
			);
			name = Main.storyboard;
			sourceTree = "<group>";
		};
		D0D3C56526AE64E600234917 /* LaunchScreen.storyboard */ = {
			isa = PBXVariantGroup;
			children = (
				D0D3C56626AE64E600234917 /* Base */,
			);
			name = LaunchScreen.storyboard;
			sourceTree = "<group>";
		};
/* End PBXVariantGroup section */

/* Begin XCBuildConfiguration section */
		D0D3C56926AE64E600234917 /* Debug */ = {
			isa = XCBuildConfiguration;
			buildSettings = {
				ALWAYS_SEARCH_USER_PATHS = NO;
				CLANG_ANALYZER_NONNULL = YES;
				CLANG_ANALYZER_NUMBER_OBJECT_CONVERSION = YES_AGGRESSIVE;
				CLANG_CXX_LANGUAGE_STANDARD = "gnu++14";
				CLANG_CXX_LIBRARY = "libc++";
				CLANG_ENABLE_MODULES = YES;
				CLANG_ENABLE_OBJC_ARC = YES;
				CLANG_ENABLE_OBJC_WEAK = YES;
				CLANG_WARN_BLOCK_CAPTURE_AUTORELEASING = YES;
				CLANG_WARN_BOOL_CONVERSION = YES;
				CLANG_WARN_COMMA = YES;
				CLANG_WARN_CONSTANT_CONVERSION = YES;
				CLANG_WARN_DEPRECATED_OBJC_IMPLEMENTATIONS = YES;
				CLANG_WARN_DIRECT_OBJC_ISA_USAGE = YES_ERROR;
				CLANG_WARN_DOCUMENTATION_COMMENTS = YES;
				CLANG_WARN_EMPTY_BODY = YES;
				CLANG_WARN_ENUM_CONVERSION = YES;
				CLANG_WARN_INFINITE_RECURSION = YES;
				CLANG_WARN_INT_CONVERSION = YES;
				CLANG_WARN_NON_LITERAL_NULL_CONVERSION = YES;
				CLANG_WARN_OBJC_IMPLICIT_RETAIN_SELF = YES;
				CLANG_WARN_OBJC_LITERAL_CONVERSION = YES;
				CLANG_WARN_OBJC_ROOT_CLASS = YES_ERROR;
				CLANG_WARN_QUOTED_INCLUDE_IN_FRAMEWORK_HEADER = YES;
				CLANG_WARN_RANGE_LOOP_ANALYSIS = YES;
				CLANG_WARN_STRICT_PROTOTYPES = YES;
				CLANG_WARN_SUSPICIOUS_MOVE = YES;
				CLANG_WARN_UNGUARDED_AVAILABILITY = YES_AGGRESSIVE;
				CLANG_WARN_UNREACHABLE_CODE = YES;
				CLANG_WARN__DUPLICATE_METHOD_MATCH = YES;
				COPY_PHASE_STRIP = NO;
				DEBUG_INFORMATION_FORMAT = dwarf;
				ENABLE_STRICT_OBJC_MSGSEND = YES;
				ENABLE_TESTABILITY = YES;
				GCC_C_LANGUAGE_STANDARD = gnu11;
				GCC_DYNAMIC_NO_PIC = NO;
				GCC_NO_COMMON_BLOCKS = YES;
				GCC_OPTIMIZATION_LEVEL = 0;
				GCC_PREPROCESSOR_DEFINITIONS = (
					"DEBUG=1",
					"$(inherited)",
				);
				GCC_WARN_64_TO_32_BIT_CONVERSION = YES;
				GCC_WARN_ABOUT_RETURN_TYPE = YES_ERROR;
				GCC_WARN_UNDECLARED_SELECTOR = YES;
				GCC_WARN_UNINITIALIZED_AUTOS = YES_AGGRESSIVE;
				GCC_WARN_UNUSED_FUNCTION = YES;
				GCC_WARN_UNUSED_VARIABLE = YES;
				IPHONEOS_DEPLOYMENT_TARGET = 14.5;
				MTL_ENABLE_DEBUG_INFO = INCLUDE_SOURCE;
				MTL_FAST_MATH = YES;
				ONLY_ACTIVE_ARCH = YES;
				SDKROOT = iphoneos;
				SWIFT_ACTIVE_COMPILATION_CONDITIONS = DEBUG;
				SWIFT_OPTIMIZATION_LEVEL = "-Onone";
			};
			name = Debug;
		};
		D0D3C56A26AE64E600234917 /* Release */ = {
			isa = XCBuildConfiguration;
			buildSettings = {
				ALWAYS_SEARCH_USER_PATHS = NO;
				CLANG_ANALYZER_NONNULL = YES;
				CLANG_ANALYZER_NUMBER_OBJECT_CONVERSION = YES_AGGRESSIVE;
				CLANG_CXX_LANGUAGE_STANDARD = "gnu++14";
				CLANG_CXX_LIBRARY = "libc++";
				CLANG_ENABLE_MODULES = YES;
				CLANG_ENABLE_OBJC_ARC = YES;
				CLANG_ENABLE_OBJC_WEAK = YES;
				CLANG_WARN_BLOCK_CAPTURE_AUTORELEASING = YES;
				CLANG_WARN_BOOL_CONVERSION = YES;
				CLANG_WARN_COMMA = YES;
				CLANG_WARN_CONSTANT_CONVERSION = YES;
				CLANG_WARN_DEPRECATED_OBJC_IMPLEMENTATIONS = YES;
				CLANG_WARN_DIRECT_OBJC_ISA_USAGE = YES_ERROR;
				CLANG_WARN_DOCUMENTATION_COMMENTS = YES;
				CLANG_WARN_EMPTY_BODY = YES;
				CLANG_WARN_ENUM_CONVERSION = YES;
				CLANG_WARN_INFINITE_RECURSION = YES;
				CLANG_WARN_INT_CONVERSION = YES;
				CLANG_WARN_NON_LITERAL_NULL_CONVERSION = YES;
				CLANG_WARN_OBJC_IMPLICIT_RETAIN_SELF = YES;
				CLANG_WARN_OBJC_LITERAL_CONVERSION = YES;
				CLANG_WARN_OBJC_ROOT_CLASS = YES_ERROR;
				CLANG_WARN_QUOTED_INCLUDE_IN_FRAMEWORK_HEADER = YES;
				CLANG_WARN_RANGE_LOOP_ANALYSIS = YES;
				CLANG_WARN_STRICT_PROTOTYPES = YES;
				CLANG_WARN_SUSPICIOUS_MOVE = YES;
				CLANG_WARN_UNGUARDED_AVAILABILITY = YES_AGGRESSIVE;
				CLANG_WARN_UNREACHABLE_CODE = YES;
				CLANG_WARN__DUPLICATE_METHOD_MATCH = YES;
				COPY_PHASE_STRIP = NO;
				DEBUG_INFORMATION_FORMAT = "dwarf-with-dsym";
				ENABLE_NS_ASSERTIONS = NO;
				ENABLE_STRICT_OBJC_MSGSEND = YES;
				GCC_C_LANGUAGE_STANDARD = gnu11;
				GCC_NO_COMMON_BLOCKS = YES;
				GCC_WARN_64_TO_32_BIT_CONVERSION = YES;
				GCC_WARN_ABOUT_RETURN_TYPE = YES_ERROR;
				GCC_WARN_UNDECLARED_SELECTOR = YES;
				GCC_WARN_UNINITIALIZED_AUTOS = YES_AGGRESSIVE;
				GCC_WARN_UNUSED_FUNCTION = YES;
				GCC_WARN_UNUSED_VARIABLE = YES;
				IPHONEOS_DEPLOYMENT_TARGET = 14.5;
				MTL_ENABLE_DEBUG_INFO = NO;
				MTL_FAST_MATH = YES;
				SDKROOT = iphoneos;
				SWIFT_COMPILATION_MODE = wholemodule;
				SWIFT_OPTIMIZATION_LEVEL = "-O";
				VALIDATE_PRODUCT = YES;
			};
			name = Release;
		};
		D0D3C56C26AE64E600234917 /* Debug */ = {
			isa = XCBuildConfiguration;
			buildSettings = {
				ASSETCATALOG_COMPILER_APPICON_NAME = AppIcon;
				ASSETCATALOG_COMPILER_GLOBAL_ACCENT_COLOR_NAME = AccentColor;
				CODE_SIGN_STYLE = Automatic;
				INFOPLIST_FILE = SegueSendValueDemo/Info.plist;
				IPHONEOS_DEPLOYMENT_TARGET = 13.0;
				LD_RUNPATH_SEARCH_PATHS = (
					"$(inherited)",
					"@executable_path/Frameworks",
				);
				PRODUCT_BUNDLE_IDENTIFIER = com.leoho..SegueSendValueDemo;
				PRODUCT_NAME = "$(TARGET_NAME)";
				SWIFT_VERSION = 5.0;
				TARGETED_DEVICE_FAMILY = "1,2";
			};
			name = Debug;
		};
		D0D3C56D26AE64E600234917 /* Release */ = {
			isa = XCBuildConfiguration;
			buildSettings = {
				ASSETCATALOG_COMPILER_APPICON_NAME = AppIcon;
				ASSETCATALOG_COMPILER_GLOBAL_ACCENT_COLOR_NAME = AccentColor;
				CODE_SIGN_STYLE = Automatic;
				INFOPLIST_FILE = SegueSendValueDemo/Info.plist;
				IPHONEOS_DEPLOYMENT_TARGET = 13.0;
				LD_RUNPATH_SEARCH_PATHS = (
					"$(inherited)",
					"@executable_path/Frameworks",
				);
				PRODUCT_BUNDLE_IDENTIFIER = com.leoho..SegueSendValueDemo;
				PRODUCT_NAME = "$(TARGET_NAME)";
				SWIFT_VERSION = 5.0;
				TARGETED_DEVICE_FAMILY = "1,2";
			};
			name = Release;
		};
/* End XCBuildConfiguration section */

/* Begin XCConfigurationList section */
		D0D3C55226AE64E400234917 /* Build configuration list for PBXProject "SegueSendValueDemo" */ = {
			isa = XCConfigurationList;
			buildConfigurations = (
				D0D3C56926AE64E600234917 /* Debug */,
				D0D3C56A26AE64E600234917 /* Release */,
			);
			defaultConfigurationIsVisible = 0;
			defaultConfigurationName = Release;
		};
		D0D3C56B26AE64E600234917 /* Build configuration list for PBXNativeTarget "SegueSendValueDemo" */ = {
			isa = XCConfigurationList;
			buildConfigurations = (
				D0D3C56C26AE64E600234917 /* Debug */,
				D0D3C56D26AE64E600234917 /* Release */,
			);
			defaultConfigurationIsVisible = 0;
			defaultConfigurationName = Release;
		};
/* End XCConfigurationList section */
	};
	rootObject = D0D3C54F26AE64E400234917 /* Project object */;
}
